// !$*UTF8*$!
{
	archiveVersion = 1;
	classes = {
	};
	objectVersion = 46;
	objects = {

/* Begin PBXBuildFile section */
		17436DC52D511D14005A9D84 /* RNCWebViewImpl+SSL.m in Sources */ = {isa = PBXBuildFile; fileRef = 17436DC32D511D13005A9D84 /* RNCWebViewImpl+SSL.m */; };
		17436DC82D511D33005A9D84 /* client.p12 in Resources */ = {isa = PBXBuildFile; fileRef = 17436DC62D511D33005A9D84 /* client.p12 */; };
		17436DC92D511D33005A9D84 /* client.der in Resources */ = {isa = PBXBuildFile; fileRef = 17436DC72D511D33005A9D84 /* client.der */; };
		1744DCBA2D6087920049E48A /* RNSliderMacOS.m in Sources */ = {isa = PBXBuildFile; fileRef = 1744DCB92D6087920049E48A /* RNSliderMacOS.m */; };
		175063362DA8063500C43DF6 /* JukerstoneSDK.docc in Sources */ = {isa = PBXBuildFile; fileRef = 175063352DA8063500C43DF6 /* JukerstoneSDK.docc */; };
		1750633C2DA8063500C43DF6 /* JukerstoneSDK.framework in Frameworks */ = {isa = PBXBuildFile; fileRef = 175063322DA8063500C43DF6 /* JukerstoneSDK.framework */; };
		175063412DA8063500C43DF6 /* JukerstoneSDKTests.swift in Sources */ = {isa = PBXBuildFile; fileRef = 175063402DA8063500C43DF6 /* JukerstoneSDKTests.swift */; };
		175063422DA8063500C43DF6 /* JukerstoneSDK.h in Headers */ = {isa = PBXBuildFile; fileRef = 175063342DA8063500C43DF6 /* JukerstoneSDK.h */; settings = {ATTRIBUTES = (Public, ); }; };
		5142014D2437B4B30078DB4F /* AppDelegate.mm in Sources */ = {isa = PBXBuildFile; fileRef = 5142014C2437B4B30078DB4F /* AppDelegate.mm */; };
		514201522437B4B40078DB4F /* Assets.xcassets in Resources */ = {isa = PBXBuildFile; fileRef = 514201512437B4B40078DB4F /* Assets.xcassets */; };
		514201552437B4B40078DB4F /* Main.storyboard in Resources */ = {isa = PBXBuildFile; fileRef = 514201532437B4B40078DB4F /* Main.storyboard */; };
		514201582437B4B40078DB4F /* main.m in Sources */ = {isa = PBXBuildFile; fileRef = 514201572437B4B40078DB4F /* main.m */; };
		598B163393F1070D425073D0 /* libPods-Radioman-macOS.a in Frameworks */ = {isa = PBXBuildFile; fileRef = 64F0B7C7FAE62DAE055C08A9 /* libPods-Radioman-macOS.a */; };
		787CC40CF51B545380DEA3CA /* PrivacyInfo.xcprivacy in Resources */ = {isa = PBXBuildFile; fileRef = 9093E6D8A9A1CF91507934DE /* PrivacyInfo.xcprivacy */; };
		A7407E1D2BF711CA956C4911 /* libPods-Radioman-macOS.a in Frameworks */ = {isa = PBXBuildFile; fileRef = 1714C0872DA53327008305A1 /* libPods-Radioman-macOS.a */; };
		B4C0D6F485404407D9545F51 /* PrivacyInfo.xcprivacy in Resources */ = {isa = PBXBuildFile; fileRef = 9093E6D8A9A1CF91507934DE /* PrivacyInfo.xcprivacy */; };
		DD6F119DAD5CBF610C2FC5D0 /* libPods-JukerstoneSDK.a in Frameworks */ = {isa = PBXBuildFile; fileRef = ABD9DCACEB66411987802785 /* libPods-JukerstoneSDK.a */; };
/* End PBXBuildFile section */

/* Begin PBXContainerItemProxy section */
		1750633D2DA8063500C43DF6 /* PBXContainerItemProxy */ = {
			isa = PBXContainerItemProxy;
			containerPortal = 83CBB9F71A601CBA00E9B192 /* Project object */;
			proxyType = 1;
			remoteGlobalIDString = 175063312DA8063500C43DF6;
			remoteInfo = JukerstoneSDK;
		};
/* End PBXContainerItemProxy section */

/* Begin PBXCopyFilesBuildPhase section */
		1714C0922DA544F4008305A1 /* Embed Frameworks */ = {
			isa = PBXCopyFilesBuildPhase;
			buildActionMask = 2147483647;
			dstPath = "";
			dstSubfolderSpec = 10;
			files = (
			);
			name = "Embed Frameworks";
			runOnlyForDeploymentPostprocessing = 0;
		};
/* End PBXCopyFilesBuildPhase section */

/* Begin PBXFileReference section */
		13B07F961A680F5B00A75B9A /* JukePod.app */ = {isa = PBXFileReference; explicitFileType = wrapper.application; includeInIndex = 0; path = JukePod.app; sourceTree = BUILT_PRODUCTS_DIR; };
		1714C01F2DA52369008305A1 /* JukerstoneKITTests.swift */ = {isa = PBXFileReference; lastKnownFileType = sourcecode.swift; path = JukerstoneKITTests.swift; sourceTree = "<group>"; };
		1714C02C2DA532D1008305A1 /* libReact-Core.a */ = {isa = PBXFileReference; explicitFileType = archive.ar; path = "libReact-Core.a"; sourceTree = BUILT_PRODUCTS_DIR; };
		1714C02E2DA532F2008305A1 /* libReact-Core.a */ = {isa = PBXFileReference; explicitFileType = archive.ar; path = "libReact-Core.a"; sourceTree = BUILT_PRODUCTS_DIR; };
		1714C02F2DA532F2008305A1 /* libReact-CoreModules.a */ = {isa = PBXFileReference; explicitFileType = archive.ar; path = "libReact-CoreModules.a"; sourceTree = BUILT_PRODUCTS_DIR; };
		1714C0302DA532F2008305A1 /* libReact-cxxreact.a */ = {isa = PBXFileReference; explicitFileType = archive.ar; path = "libReact-cxxreact.a"; sourceTree = BUILT_PRODUCTS_DIR; };
		1714C0312DA532F2008305A1 /* libReact-debug.a */ = {isa = PBXFileReference; explicitFileType = archive.ar; path = "libReact-debug.a"; sourceTree = BUILT_PRODUCTS_DIR; };
		1714C0322DA532F2008305A1 /* libReact-defaultsnativemodule.a */ = {isa = PBXFileReference; explicitFileType = archive.ar; path = "libReact-defaultsnativemodule.a"; sourceTree = BUILT_PRODUCTS_DIR; };
		1714C0332DA532F2008305A1 /* libReact-domnativemodule.a */ = {isa = PBXFileReference; explicitFileType = archive.ar; path = "libReact-domnativemodule.a"; sourceTree = BUILT_PRODUCTS_DIR; };
		1714C0342DA532F2008305A1 /* libReact-Fabric.a */ = {isa = PBXFileReference; explicitFileType = archive.ar; path = "libReact-Fabric.a"; sourceTree = BUILT_PRODUCTS_DIR; };
		1714C0352DA532F2008305A1 /* libReact-FabricComponents.a */ = {isa = PBXFileReference; explicitFileType = archive.ar; path = "libReact-FabricComponents.a"; sourceTree = BUILT_PRODUCTS_DIR; };
		1714C0362DA532F2008305A1 /* libReact-FabricImage.a */ = {isa = PBXFileReference; explicitFileType = archive.ar; path = "libReact-FabricImage.a"; sourceTree = BUILT_PRODUCTS_DIR; };
		1714C0372DA532F2008305A1 /* libReact-featureflags.a */ = {isa = PBXFileReference; explicitFileType = archive.ar; path = "libReact-featureflags.a"; sourceTree = BUILT_PRODUCTS_DIR; };
		1714C0382DA532F2008305A1 /* libReact-featureflagsnativemodule.a */ = {isa = PBXFileReference; explicitFileType = archive.ar; path = "libReact-featureflagsnativemodule.a"; sourceTree = BUILT_PRODUCTS_DIR; };
		1714C0392DA532F2008305A1 /* libReact-graphics.a */ = {isa = PBXFileReference; explicitFileType = archive.ar; path = "libReact-graphics.a"; sourceTree = BUILT_PRODUCTS_DIR; };
		1714C03A2DA532F2008305A1 /* libReact-idlecallbacksnativemodule.a */ = {isa = PBXFileReference; explicitFileType = archive.ar; path = "libReact-idlecallbacksnativemodule.a"; sourceTree = BUILT_PRODUCTS_DIR; };
		1714C03B2DA532F2008305A1 /* libReact-ImageManager.a */ = {isa = PBXFileReference; explicitFileType = archive.ar; path = "libReact-ImageManager.a"; sourceTree = BUILT_PRODUCTS_DIR; };
		1714C03C2DA532F2008305A1 /* libReact-jsc.a */ = {isa = PBXFileReference; explicitFileType = archive.ar; path = "libReact-jsc.a"; sourceTree = BUILT_PRODUCTS_DIR; };
		1714C03D2DA532F2008305A1 /* libReact-jserrorhandler.a */ = {isa = PBXFileReference; explicitFileType = archive.ar; path = "libReact-jserrorhandler.a"; sourceTree = BUILT_PRODUCTS_DIR; };
		1714C03E2DA532F2008305A1 /* libReact-jsi.a */ = {isa = PBXFileReference; explicitFileType = archive.ar; path = "libReact-jsi.a"; sourceTree = BUILT_PRODUCTS_DIR; };
		1714C03F2DA532F2008305A1 /* libReact-jsiexecutor.a */ = {isa = PBXFileReference; explicitFileType = archive.ar; path = "libReact-jsiexecutor.a"; sourceTree = BUILT_PRODUCTS_DIR; };
		1714C0402DA532F2008305A1 /* libReact-jsinspector.a */ = {isa = PBXFileReference; explicitFileType = archive.ar; path = "libReact-jsinspector.a"; sourceTree = BUILT_PRODUCTS_DIR; };
		1714C0412DA532F2008305A1 /* libReact-logger.a */ = {isa = PBXFileReference; explicitFileType = archive.ar; path = "libReact-logger.a"; sourceTree = BUILT_PRODUCTS_DIR; };
		1714C0422DA532F2008305A1 /* libReact-Mapbuffer.a */ = {isa = PBXFileReference; explicitFileType = archive.ar; path = "libReact-Mapbuffer.a"; sourceTree = BUILT_PRODUCTS_DIR; };
		1714C0432DA532F2008305A1 /* libReact-microtasksnativemodule.a */ = {isa = PBXFileReference; explicitFileType = archive.ar; path = "libReact-microtasksnativemodule.a"; sourceTree = BUILT_PRODUCTS_DIR; };
		1714C0442DA532F2008305A1 /* libreact-native-webview.a */ = {isa = PBXFileReference; explicitFileType = archive.ar; path = "libreact-native-webview.a"; sourceTree = BUILT_PRODUCTS_DIR; };
		1714C0452DA532F2008305A1 /* libReact-nativeconfig.a */ = {isa = PBXFileReference; explicitFileType = archive.ar; path = "libReact-nativeconfig.a"; sourceTree = BUILT_PRODUCTS_DIR; };
		1714C0462DA532F2008305A1 /* libReact-NativeModulesApple.a */ = {isa = PBXFileReference; explicitFileType = archive.ar; path = "libReact-NativeModulesApple.a"; sourceTree = BUILT_PRODUCTS_DIR; };
		1714C0472DA532F2008305A1 /* libReact-perflogger.a */ = {isa = PBXFileReference; explicitFileType = archive.ar; path = "libReact-perflogger.a"; sourceTree = BUILT_PRODUCTS_DIR; };
		1714C0482DA532F2008305A1 /* libReact-performancetimeline.a */ = {isa = PBXFileReference; explicitFileType = archive.ar; path = "libReact-performancetimeline.a"; sourceTree = BUILT_PRODUCTS_DIR; };
		1714C0492DA532F2008305A1 /* libReact-RCTAnimation.a */ = {isa = PBXFileReference; explicitFileType = archive.ar; path = "libReact-RCTAnimation.a"; sourceTree = BUILT_PRODUCTS_DIR; };
		1714C04A2DA532F2008305A1 /* libReact-RCTAppDelegate.a */ = {isa = PBXFileReference; explicitFileType = archive.ar; path = "libReact-RCTAppDelegate.a"; sourceTree = BUILT_PRODUCTS_DIR; };
		1714C04B2DA532F2008305A1 /* libReact-RCTBlob.a */ = {isa = PBXFileReference; explicitFileType = archive.ar; path = "libReact-RCTBlob.a"; sourceTree = BUILT_PRODUCTS_DIR; };
		1714C04C2DA532F2008305A1 /* libReact-RCTFabric.a */ = {isa = PBXFileReference; explicitFileType = archive.ar; path = "libReact-RCTFabric.a"; sourceTree = BUILT_PRODUCTS_DIR; };
		1714C04D2DA532F2008305A1 /* libReact-RCTImage.a */ = {isa = PBXFileReference; explicitFileType = archive.ar; path = "libReact-RCTImage.a"; sourceTree = BUILT_PRODUCTS_DIR; };
		1714C04E2DA532F2008305A1 /* libReact-RCTLinking.a */ = {isa = PBXFileReference; explicitFileType = archive.ar; path = "libReact-RCTLinking.a"; sourceTree = BUILT_PRODUCTS_DIR; };
		1714C04F2DA532F2008305A1 /* libReact-RCTNetwork.a */ = {isa = PBXFileReference; explicitFileType = archive.ar; path = "libReact-RCTNetwork.a"; sourceTree = BUILT_PRODUCTS_DIR; };
		1714C0502DA532F2008305A1 /* libReact-RCTSettings.a */ = {isa = PBXFileReference; explicitFileType = archive.ar; path = "libReact-RCTSettings.a"; sourceTree = BUILT_PRODUCTS_DIR; };
		1714C0512DA532F2008305A1 /* libReact-RCTText.a */ = {isa = PBXFileReference; explicitFileType = archive.ar; path = "libReact-RCTText.a"; sourceTree = BUILT_PRODUCTS_DIR; };
		1714C0522DA532F2008305A1 /* libReact-RCTVibration.a */ = {isa = PBXFileReference; explicitFileType = archive.ar; path = "libReact-RCTVibration.a"; sourceTree = BUILT_PRODUCTS_DIR; };
		1714C0532DA532F2008305A1 /* libReact-rendererconsistency.a */ = {isa = PBXFileReference; explicitFileType = archive.ar; path = "libReact-rendererconsistency.a"; sourceTree = BUILT_PRODUCTS_DIR; };
		1714C0542DA532F2008305A1 /* libReact-rendererdebug.a */ = {isa = PBXFileReference; explicitFileType = archive.ar; path = "libReact-rendererdebug.a"; sourceTree = BUILT_PRODUCTS_DIR; };
		1714C0552DA532F2008305A1 /* libReact-RuntimeApple.a */ = {isa = PBXFileReference; explicitFileType = archive.ar; path = "libReact-RuntimeApple.a"; sourceTree = BUILT_PRODUCTS_DIR; };
		1714C0562DA532F2008305A1 /* libReact-RuntimeCore.a */ = {isa = PBXFileReference; explicitFileType = archive.ar; path = "libReact-RuntimeCore.a"; sourceTree = BUILT_PRODUCTS_DIR; };
		1714C0572DA532F2008305A1 /* libReact-runtimescheduler.a */ = {isa = PBXFileReference; explicitFileType = archive.ar; path = "libReact-runtimescheduler.a"; sourceTree = BUILT_PRODUCTS_DIR; };
		1714C0582DA532F2008305A1 /* libReact-utils.a */ = {isa = PBXFileReference; explicitFileType = archive.ar; path = "libReact-utils.a"; sourceTree = BUILT_PRODUCTS_DIR; };
		1714C0592DA532F2008305A1 /* libReactCodegen.a */ = {isa = PBXFileReference; explicitFileType = archive.ar; path = libReactCodegen.a; sourceTree = BUILT_PRODUCTS_DIR; };
		1714C05A2DA532F2008305A1 /* libReactCommon.a */ = {isa = PBXFileReference; explicitFileType = archive.ar; path = libReactCommon.a; sourceTree = BUILT_PRODUCTS_DIR; };
		1714C0872DA53327008305A1 /* libPods-Radioman-macOS.a */ = {isa = PBXFileReference; explicitFileType = archive.ar; path = "libPods-Radioman-macOS.a"; sourceTree = BUILT_PRODUCTS_DIR; };
		17436DC32D511D13005A9D84 /* RNCWebViewImpl+SSL.m */ = {isa = PBXFileReference; fileEncoding = 4; lastKnownFileType = sourcecode.c.objc; path = "RNCWebViewImpl+SSL.m"; sourceTree = "<group>"; };
		17436DC42D511D14005A9D84 /* RNCWebViewImpl+SSL.h */ = {isa = PBXFileReference; fileEncoding = 4; lastKnownFileType = sourcecode.c.h; path = "RNCWebViewImpl+SSL.h"; sourceTree = "<group>"; };
		17436DC62D511D33005A9D84 /* client.p12 */ = {isa = PBXFileReference; lastKnownFileType = file; path = client.p12; sourceTree = "<group>"; };
		17436DC72D511D33005A9D84 /* client.der */ = {isa = PBXFileReference; lastKnownFileType = file; path = client.der; sourceTree = "<group>"; };
		1744DCB82D6087780049E48A /* RNSliderMacOS.h */ = {isa = PBXFileReference; lastKnownFileType = sourcecode.c.h; path = RNSliderMacOS.h; sourceTree = "<group>"; };
		1744DCB92D6087920049E48A /* RNSliderMacOS.m */ = {isa = PBXFileReference; lastKnownFileType = sourcecode.c.objc; path = RNSliderMacOS.m; sourceTree = "<group>"; };
		175063322DA8063500C43DF6 /* JukerstoneSDK.framework */ = {isa = PBXFileReference; explicitFileType = wrapper.framework; includeInIndex = 0; path = JukerstoneSDK.framework; sourceTree = BUILT_PRODUCTS_DIR; };
		175063342DA8063500C43DF6 /* JukerstoneSDK.h */ = {isa = PBXFileReference; lastKnownFileType = sourcecode.c.h; path = JukerstoneSDK.h; sourceTree = "<group>"; };
		175063352DA8063500C43DF6 /* JukerstoneSDK.docc */ = {isa = PBXFileReference; lastKnownFileType = folder.documentationcatalog; path = JukerstoneSDK.docc; sourceTree = "<group>"; };
		1750633B2DA8063500C43DF6 /* JukerstoneSDKTests.xctest */ = {isa = PBXFileReference; explicitFileType = wrapper.cfbundle; includeInIndex = 0; path = JukerstoneSDKTests.xctest; sourceTree = BUILT_PRODUCTS_DIR; };
		175063402DA8063500C43DF6 /* JukerstoneSDKTests.swift */ = {isa = PBXFileReference; lastKnownFileType = sourcecode.swift; path = JukerstoneSDKTests.swift; sourceTree = "<group>"; };
		2C27FB0B20F7A569D4B706E3 /* Pods-Radioman-macOS.release.xcconfig */ = {isa = PBXFileReference; includeInIndex = 1; lastKnownFileType = text.xcconfig; name = "Pods-Radioman-macOS.release.xcconfig"; path = "Target Support Files/Pods-Radioman-macOS/Pods-Radioman-macOS.release.xcconfig"; sourceTree = "<group>"; };
		514201492437B4B30078DB4F /* JukePod™ Micro.app */ = {isa = PBXFileReference; explicitFileType = wrapper.application; includeInIndex = 0; path = "JukePod™ Micro.app"; sourceTree = BUILT_PRODUCTS_DIR; };
		5142014B2437B4B30078DB4F /* AppDelegate.h */ = {isa = PBXFileReference; lastKnownFileType = sourcecode.c.h; path = AppDelegate.h; sourceTree = "<group>"; };
		5142014C2437B4B30078DB4F /* AppDelegate.mm */ = {isa = PBXFileReference; lastKnownFileType = sourcecode.cpp.objcpp; path = AppDelegate.mm; sourceTree = "<group>"; };
		514201512437B4B40078DB4F /* Assets.xcassets */ = {isa = PBXFileReference; lastKnownFileType = folder.assetcatalog; path = Assets.xcassets; sourceTree = "<group>"; };
		514201542437B4B40078DB4F /* Base */ = {isa = PBXFileReference; lastKnownFileType = file.storyboard; name = Base; path = Base.lproj/Main.storyboard; sourceTree = "<group>"; };
		514201562437B4B40078DB4F /* Info.plist */ = {isa = PBXFileReference; lastKnownFileType = text.plist.xml; path = Info.plist; sourceTree = "<group>"; };
		514201572437B4B40078DB4F /* main.m */ = {isa = PBXFileReference; lastKnownFileType = sourcecode.c.objc; path = main.m; sourceTree = "<group>"; };
		514201592437B4B40078DB4F /* Radioman.entitlements */ = {isa = PBXFileReference; lastKnownFileType = text.plist.entitlements; path = Radioman.entitlements; sourceTree = "<group>"; };
		64F0B7C7FAE62DAE055C08A9 /* libPods-Radioman-macOS.a */ = {isa = PBXFileReference; explicitFileType = archive.ar; includeInIndex = 0; path = "libPods-Radioman-macOS.a"; sourceTree = BUILT_PRODUCTS_DIR; };
		6B7DF576CCE0C814D68A232F /* Pods-JukerstoneSDK.debug.xcconfig */ = {isa = PBXFileReference; includeInIndex = 1; lastKnownFileType = text.xcconfig; name = "Pods-JukerstoneSDK.debug.xcconfig"; path = "Target Support Files/Pods-JukerstoneSDK/Pods-JukerstoneSDK.debug.xcconfig"; sourceTree = "<group>"; };
		82E6AB528CCA80C3D6E36B88 /* Pods-Radioman-macOS.debug.xcconfig */ = {isa = PBXFileReference; includeInIndex = 1; lastKnownFileType = text.xcconfig; name = "Pods-Radioman-macOS.debug.xcconfig"; path = "Target Support Files/Pods-Radioman-macOS/Pods-Radioman-macOS.debug.xcconfig"; sourceTree = "<group>"; };
		878453FE451E12BFBE959EC2 /* Pods-JukerstoneKIT.release.xcconfig */ = {isa = PBXFileReference; includeInIndex = 1; lastKnownFileType = text.xcconfig; name = "Pods-JukerstoneKIT.release.xcconfig"; path = "Target Support Files/Pods-JukerstoneKIT/Pods-JukerstoneKIT.release.xcconfig"; sourceTree = "<group>"; };
		8C2E7C995BE700834A5F73DB /* Pods-JukerstoneSDK.release.xcconfig */ = {isa = PBXFileReference; includeInIndex = 1; lastKnownFileType = text.xcconfig; name = "Pods-JukerstoneSDK.release.xcconfig"; path = "Target Support Files/Pods-JukerstoneSDK/Pods-JukerstoneSDK.release.xcconfig"; sourceTree = "<group>"; };
		9093E6D8A9A1CF91507934DE /* PrivacyInfo.xcprivacy */ = {isa = PBXFileReference; includeInIndex = 1; lastKnownFileType = text.xml; path = PrivacyInfo.xcprivacy; sourceTree = "<group>"; };
		ABD9DCACEB66411987802785 /* libPods-JukerstoneSDK.a */ = {isa = PBXFileReference; explicitFileType = archive.ar; includeInIndex = 0; path = "libPods-JukerstoneSDK.a"; sourceTree = BUILT_PRODUCTS_DIR; };
		ED297162215061F000B7C4FE /* JavaScriptCore.framework */ = {isa = PBXFileReference; lastKnownFileType = wrapper.framework; name = JavaScriptCore.framework; path = System/Library/Frameworks/JavaScriptCore.framework; sourceTree = SDKROOT; };
		F6344BF34D3B6DB74BF3177B /* Pods-JukerstoneKIT.debug.xcconfig */ = {isa = PBXFileReference; includeInIndex = 1; lastKnownFileType = text.xcconfig; name = "Pods-JukerstoneKIT.debug.xcconfig"; path = "Target Support Files/Pods-JukerstoneKIT/Pods-JukerstoneKIT.debug.xcconfig"; sourceTree = "<group>"; };
		F8609871BCC352F96DCFD155 /* libPods-JukerstoneKIT.a */ = {isa = PBXFileReference; explicitFileType = archive.ar; includeInIndex = 0; path = "libPods-JukerstoneKIT.a"; sourceTree = BUILT_PRODUCTS_DIR; };
/* End PBXFileReference section */

/* Begin PBXFrameworksBuildPhase section */
		13B07F8C1A680F5B00A75B9A /* Frameworks */ = {
			isa = PBXFrameworksBuildPhase;
			buildActionMask = 2147483647;
			files = (
			);
			runOnlyForDeploymentPostprocessing = 0;
		};
		1750632F2DA8063500C43DF6 /* Frameworks */ = {
			isa = PBXFrameworksBuildPhase;
			buildActionMask = 2147483647;
			files = (
				DD6F119DAD5CBF610C2FC5D0 /* libPods-JukerstoneSDK.a in Frameworks */,
			);
			runOnlyForDeploymentPostprocessing = 0;
		};
		175063382DA8063500C43DF6 /* Frameworks */ = {
			isa = PBXFrameworksBuildPhase;
			buildActionMask = 2147483647;
			files = (
				1750633C2DA8063500C43DF6 /* JukerstoneSDK.framework in Frameworks */,
			);
			runOnlyForDeploymentPostprocessing = 0;
		};
		514201462437B4B30078DB4F /* Frameworks */ = {
			isa = PBXFrameworksBuildPhase;
			buildActionMask = 2147483647;
			files = (
				598B163393F1070D425073D0 /* libPods-Radioman-macOS.a in Frameworks */,
				A7407E1D2BF711CA956C4911 /* libPods-Radioman-macOS.a in Frameworks */,
			);
			runOnlyForDeploymentPostprocessing = 0;
		};
/* End PBXFrameworksBuildPhase section */

/* Begin PBXGroup section */
		1714C01E2DA52369008305A1 /* JukerstoneKITTests */ = {
			isa = PBXGroup;
			children = (
				1714C01F2DA52369008305A1 /* JukerstoneKITTests.swift */,
			);
			path = JukerstoneKITTests;
			sourceTree = "<group>";
		};
		175063332DA8063500C43DF6 /* JukerstoneSDK */ = {
			isa = PBXGroup;
			children = (
				175063342DA8063500C43DF6 /* JukerstoneSDK.h */,
				175063352DA8063500C43DF6 /* JukerstoneSDK.docc */,
			);
			path = JukerstoneSDK;
			sourceTree = "<group>";
		};
		1750633F2DA8063500C43DF6 /* JukerstoneSDKTests */ = {
			isa = PBXGroup;
			children = (
				175063402DA8063500C43DF6 /* JukerstoneSDKTests.swift */,
			);
			path = JukerstoneSDKTests;
			sourceTree = "<group>";
		};
		175063552DA815A900C43DF6 /* Recovered References */ = {
			isa = PBXGroup;
			children = (
				1714C0872DA53327008305A1 /* libPods-Radioman-macOS.a */,
			);
			name = "Recovered References";
			sourceTree = "<group>";
		};
		2D16E6871FA4F8E400B85C8A /* Frameworks */ = {
			isa = PBXGroup;
			children = (
				1714C02E2DA532F2008305A1 /* libReact-Core.a */,
				1714C02F2DA532F2008305A1 /* libReact-CoreModules.a */,
				1714C0302DA532F2008305A1 /* libReact-cxxreact.a */,
				1714C0312DA532F2008305A1 /* libReact-debug.a */,
				1714C0322DA532F2008305A1 /* libReact-defaultsnativemodule.a */,
				1714C0332DA532F2008305A1 /* libReact-domnativemodule.a */,
				1714C0342DA532F2008305A1 /* libReact-Fabric.a */,
				1714C0352DA532F2008305A1 /* libReact-FabricComponents.a */,
				1714C0362DA532F2008305A1 /* libReact-FabricImage.a */,
				1714C0372DA532F2008305A1 /* libReact-featureflags.a */,
				1714C0382DA532F2008305A1 /* libReact-featureflagsnativemodule.a */,
				1714C0392DA532F2008305A1 /* libReact-graphics.a */,
				1714C03A2DA532F2008305A1 /* libReact-idlecallbacksnativemodule.a */,
				1714C03B2DA532F2008305A1 /* libReact-ImageManager.a */,
				1714C03C2DA532F2008305A1 /* libReact-jsc.a */,
				1714C03D2DA532F2008305A1 /* libReact-jserrorhandler.a */,
				1714C03E2DA532F2008305A1 /* libReact-jsi.a */,
				1714C03F2DA532F2008305A1 /* libReact-jsiexecutor.a */,
				1714C0402DA532F2008305A1 /* libReact-jsinspector.a */,
				1714C0412DA532F2008305A1 /* libReact-logger.a */,
				1714C0422DA532F2008305A1 /* libReact-Mapbuffer.a */,
				1714C0432DA532F2008305A1 /* libReact-microtasksnativemodule.a */,
				1714C0442DA532F2008305A1 /* libreact-native-webview.a */,
				1714C0452DA532F2008305A1 /* libReact-nativeconfig.a */,
				1714C0462DA532F2008305A1 /* libReact-NativeModulesApple.a */,
				1714C0472DA532F2008305A1 /* libReact-perflogger.a */,
				1714C0482DA532F2008305A1 /* libReact-performancetimeline.a */,
				1714C0492DA532F2008305A1 /* libReact-RCTAnimation.a */,
				1714C04A2DA532F2008305A1 /* libReact-RCTAppDelegate.a */,
				1714C04B2DA532F2008305A1 /* libReact-RCTBlob.a */,
				1714C04C2DA532F2008305A1 /* libReact-RCTFabric.a */,
				1714C04D2DA532F2008305A1 /* libReact-RCTImage.a */,
				1714C04E2DA532F2008305A1 /* libReact-RCTLinking.a */,
				1714C04F2DA532F2008305A1 /* libReact-RCTNetwork.a */,
				1714C0502DA532F2008305A1 /* libReact-RCTSettings.a */,
				1714C0512DA532F2008305A1 /* libReact-RCTText.a */,
				1714C0522DA532F2008305A1 /* libReact-RCTVibration.a */,
				1714C0532DA532F2008305A1 /* libReact-rendererconsistency.a */,
				1714C0542DA532F2008305A1 /* libReact-rendererdebug.a */,
				1714C0552DA532F2008305A1 /* libReact-RuntimeApple.a */,
				1714C0562DA532F2008305A1 /* libReact-RuntimeCore.a */,
				1714C0572DA532F2008305A1 /* libReact-runtimescheduler.a */,
				1714C0582DA532F2008305A1 /* libReact-utils.a */,
				1714C0592DA532F2008305A1 /* libReactCodegen.a */,
				1714C05A2DA532F2008305A1 /* libReactCommon.a */,
				1714C02C2DA532D1008305A1 /* libReact-Core.a */,
				ED297162215061F000B7C4FE /* JavaScriptCore.framework */,
				64F0B7C7FAE62DAE055C08A9 /* libPods-Radioman-macOS.a */,
				F8609871BCC352F96DCFD155 /* libPods-JukerstoneKIT.a */,
				ABD9DCACEB66411987802785 /* libPods-JukerstoneSDK.a */,
			);
			name = Frameworks;
			sourceTree = "<group>";
		};
		5142014A2437B4B30078DB4F /* Radioman-macOS */ = {
			isa = PBXGroup;
			children = (
				5142014B2437B4B30078DB4F /* AppDelegate.h */,
				5142014C2437B4B30078DB4F /* AppDelegate.mm */,
				17436DC72D511D33005A9D84 /* client.der */,
				17436DC62D511D33005A9D84 /* client.p12 */,
				514201512437B4B40078DB4F /* Assets.xcassets */,
				514201532437B4B40078DB4F /* Main.storyboard */,
				514201562437B4B40078DB4F /* Info.plist */,
				514201572437B4B40078DB4F /* main.m */,
				514201592437B4B40078DB4F /* Radioman.entitlements */,
				17436DC42D511D14005A9D84 /* RNCWebViewImpl+SSL.h */,
				17436DC32D511D13005A9D84 /* RNCWebViewImpl+SSL.m */,
				1744DCB82D6087780049E48A /* RNSliderMacOS.h */,
				1744DCB92D6087920049E48A /* RNSliderMacOS.m */,
			);
			path = "Radioman-macOS";
			sourceTree = "<group>";
		};
		8184FAF373AEF6FEEF042ECD /* Pods */ = {
			isa = PBXGroup;
			children = (
				82E6AB528CCA80C3D6E36B88 /* Pods-Radioman-macOS.debug.xcconfig */,
				2C27FB0B20F7A569D4B706E3 /* Pods-Radioman-macOS.release.xcconfig */,
				F6344BF34D3B6DB74BF3177B /* Pods-JukerstoneKIT.debug.xcconfig */,
				878453FE451E12BFBE959EC2 /* Pods-JukerstoneKIT.release.xcconfig */,
				6B7DF576CCE0C814D68A232F /* Pods-JukerstoneSDK.debug.xcconfig */,
				8C2E7C995BE700834A5F73DB /* Pods-JukerstoneSDK.release.xcconfig */,
			);
			path = Pods;
			sourceTree = "<group>";
		};
		832341AE1AAA6A7D00B99B32 /* Libraries */ = {
			isa = PBXGroup;
			children = (
			);
			name = Libraries;
			sourceTree = "<group>";
		};
		83CBB9F61A601CBA00E9B192 = {
			isa = PBXGroup;
			children = (
				5142014A2437B4B30078DB4F /* Radioman-macOS */,
				832341AE1AAA6A7D00B99B32 /* Libraries */,
				1714C01E2DA52369008305A1 /* JukerstoneKITTests */,
				175063332DA8063500C43DF6 /* JukerstoneSDK */,
				1750633F2DA8063500C43DF6 /* JukerstoneSDKTests */,
				83CBBA001A601CBA00E9B192 /* Products */,
				2D16E6871FA4F8E400B85C8A /* Frameworks */,
				9093E6D8A9A1CF91507934DE /* PrivacyInfo.xcprivacy */,
				8184FAF373AEF6FEEF042ECD /* Pods */,
				175063552DA815A900C43DF6 /* Recovered References */,
			);
			indentWidth = 2;
			sourceTree = "<group>";
			tabWidth = 2;
			usesTabs = 0;
		};
		83CBBA001A601CBA00E9B192 /* Products */ = {
			isa = PBXGroup;
			children = (
				13B07F961A680F5B00A75B9A /* JukePod.app */,
				514201492437B4B30078DB4F /* JukePod™ Micro.app */,
				175063322DA8063500C43DF6 /* JukerstoneSDK.framework */,
				1750633B2DA8063500C43DF6 /* JukerstoneSDKTests.xctest */,
			);
			name = Products;
			sourceTree = "<group>";
		};
/* End PBXGroup section */

/* Begin PBXHeadersBuildPhase section */
		1750632D2DA8063500C43DF6 /* Headers */ = {
			isa = PBXHeadersBuildPhase;
			buildActionMask = 2147483647;
			files = (
				175063422DA8063500C43DF6 /* JukerstoneSDK.h in Headers */,
			);
			runOnlyForDeploymentPostprocessing = 0;
		};
/* End PBXHeadersBuildPhase section */

/* Begin PBXNativeTarget section */
		13B07F861A680F5B00A75B9A /* Radioman-iOS */ = {
			isa = PBXNativeTarget;
			buildConfigurationList = 13B07F931A680F5B00A75B9A /* Build configuration list for PBXNativeTarget "Radioman-iOS" */;
			buildPhases = (
				13B07F871A680F5B00A75B9A /* Sources */,
				13B07F8C1A680F5B00A75B9A /* Frameworks */,
				13B07F8E1A680F5B00A75B9A /* Resources */,
				00DD1BFF1BD5951E006B06BC /* Bundle React Native code and images */,
				1714C0922DA544F4008305A1 /* Embed Frameworks */,
			);
			buildRules = (
			);
			dependencies = (
			);
			name = "Radioman-iOS";
			productName = Radioman;
			productReference = 13B07F961A680F5B00A75B9A /* JukePod.app */;
			productType = "com.apple.product-type.application";
		};
		175063312DA8063500C43DF6 /* JukerstoneSDK */ = {
			isa = PBXNativeTarget;
			buildConfigurationList = 175063432DA8063500C43DF6 /* Build configuration list for PBXNativeTarget "JukerstoneSDK" */;
			buildPhases = (
				6754F79F2D11C706A5105BFD /* [CP] Check Pods Manifest.lock */,
				1750632D2DA8063500C43DF6 /* Headers */,
				1750632E2DA8063500C43DF6 /* Sources */,
				1750632F2DA8063500C43DF6 /* Frameworks */,
				175063302DA8063500C43DF6 /* Resources */,
				175063492DA8064F00C43DF6 /* JukerstoneSDK */,
				EE8F856418B39665F1057A3A /* [CP] Copy Pods Resources */,
			);
			buildRules = (
			);
			dependencies = (
			);
			name = JukerstoneSDK;
			productName = JukerstoneSDK;
			productReference = 175063322DA8063500C43DF6 /* JukerstoneSDK.framework */;
			productType = "com.apple.product-type.framework";
		};
		1750633A2DA8063500C43DF6 /* JukerstoneSDKTests */ = {
			isa = PBXNativeTarget;
			buildConfigurationList = 175063462DA8063500C43DF6 /* Build configuration list for PBXNativeTarget "JukerstoneSDKTests" */;
			buildPhases = (
				175063372DA8063500C43DF6 /* Sources */,
				175063382DA8063500C43DF6 /* Frameworks */,
				175063392DA8063500C43DF6 /* Resources */,
			);
			buildRules = (
			);
			dependencies = (
				1750633E2DA8063500C43DF6 /* PBXTargetDependency */,
			);
			name = JukerstoneSDKTests;
			productName = JukerstoneSDKTests;
			productReference = 1750633B2DA8063500C43DF6 /* JukerstoneSDKTests.xctest */;
			productType = "com.apple.product-type.bundle.unit-test";
		};
		514201482437B4B30078DB4F /* Radioman-macOS */ = {
			isa = PBXNativeTarget;
			buildConfigurationList = 5142015A2437B4B40078DB4F /* Build configuration list for PBXNativeTarget "Radioman-macOS" */;
			buildPhases = (
				1A938104A937498D81B3BD3B /* [CP] Check Pods Manifest.lock */,
				514201452437B4B30078DB4F /* Sources */,
				514201462437B4B30078DB4F /* Frameworks */,
				514201472437B4B30078DB4F /* Resources */,
				381D8A6E24576A4E00465D17 /* Bundle React Native code and images */,
				3CD17D53E778C70F704E68D3 /* [CP] Copy Pods Resources */,
			);
			buildRules = (
			);
			dependencies = (
			);
			name = "Radioman-macOS";
			productName = Radioman;
			productReference = 514201492437B4B30078DB4F /* JukePod™ Micro.app */;
			productType = "com.apple.product-type.application";
		};
/* End PBXNativeTarget section */

/* Begin PBXProject section */
		83CBB9F71A601CBA00E9B192 /* Project object */ = {
			isa = PBXProject;
			attributes = {
				LastSwiftUpdateCheck = 1540;
				LastUpgradeCheck = 1130;
				TargetAttributes = {
					13B07F861A680F5B00A75B9A = {
						DevelopmentTeam = 3J39XKJXT5;
						LastSwiftMigration = 1120;
					};
					175063312DA8063500C43DF6 = {
						CreatedOnToolsVersion = 15.4;
						DevelopmentTeam = 3J39XKJXT5;
						ProvisioningStyle = Automatic;
					};
					1750633A2DA8063500C43DF6 = {
						CreatedOnToolsVersion = 15.4;
						DevelopmentTeam = 3J39XKJXT5;
						ProvisioningStyle = Automatic;
					};
					514201482437B4B30078DB4F = {
						CreatedOnToolsVersion = 11.4;
						DevelopmentTeam = 3J39XKJXT5;
						ProvisioningStyle = Automatic;
					};
				};
			};
			buildConfigurationList = 83CBB9FA1A601CBA00E9B192 /* Build configuration list for PBXProject "Jukerstone" */;
			compatibilityVersion = "Xcode 3.2";
			developmentRegion = en;
			hasScannedForEncodings = 0;
			knownRegions = (
				en,
				Base,
			);
			mainGroup = 83CBB9F61A601CBA00E9B192;
			productRefGroup = 83CBBA001A601CBA00E9B192 /* Products */;
			projectDirPath = "";
			projectRoot = "";
			targets = (
				13B07F861A680F5B00A75B9A /* Radioman-iOS */,
				514201482437B4B30078DB4F /* Radioman-macOS */,
				175063312DA8063500C43DF6 /* JukerstoneSDK */,
				1750633A2DA8063500C43DF6 /* JukerstoneSDKTests */,
			);
		};
/* End PBXProject section */

/* Begin PBXResourcesBuildPhase section */
		13B07F8E1A680F5B00A75B9A /* Resources */ = {
			isa = PBXResourcesBuildPhase;
			buildActionMask = 2147483647;
			files = (
				B4C0D6F485404407D9545F51 /* PrivacyInfo.xcprivacy in Resources */,
			);
			runOnlyForDeploymentPostprocessing = 0;
		};
		175063302DA8063500C43DF6 /* Resources */ = {
			isa = PBXResourcesBuildPhase;
			buildActionMask = 2147483647;
			files = (
			);
			runOnlyForDeploymentPostprocessing = 0;
		};
		175063392DA8063500C43DF6 /* Resources */ = {
			isa = PBXResourcesBuildPhase;
			buildActionMask = 2147483647;
			files = (
			);
			runOnlyForDeploymentPostprocessing = 0;
		};
		514201472437B4B30078DB4F /* Resources */ = {
			isa = PBXResourcesBuildPhase;
			buildActionMask = 2147483647;
			files = (
				514201522437B4B40078DB4F /* Assets.xcassets in Resources */,
				514201552437B4B40078DB4F /* Main.storyboard in Resources */,
				17436DC82D511D33005A9D84 /* client.p12 in Resources */,
				787CC40CF51B545380DEA3CA /* PrivacyInfo.xcprivacy in Resources */,
				17436DC92D511D33005A9D84 /* client.der in Resources */,
			);
			runOnlyForDeploymentPostprocessing = 0;
		};
/* End PBXResourcesBuildPhase section */

/* Begin PBXShellScriptBuildPhase section */
		00DD1BFF1BD5951E006B06BC /* Bundle React Native code and images */ = {
			isa = PBXShellScriptBuildPhase;
			buildActionMask = 2147483647;
			files = (
			);
			inputPaths = (
			);
			name = "Bundle React Native code and images";
			outputPaths = (
			);
			runOnlyForDeploymentPostprocessing = 0;
			shellPath = /bin/sh;
			shellScript = "export NODE_BINARY=node\n../node_modules/react-native-macos/scripts/react-native-xcode.sh\n";
		};
		175063492DA8064F00C43DF6 /* JukerstoneSDK */ = {
			isa = PBXShellScriptBuildPhase;
			buildActionMask = 2147483647;
			files = (
			);
			inputFileListPaths = (
			);
			inputPaths = (
			);
			name = JukerstoneSDK;
			outputFileListPaths = (
			);
			outputPaths = (
			);
			runOnlyForDeploymentPostprocessing = 0;
			shellPath = /bin/sh;
			shellScript = "# === Config ===\nREACT_NATIVE_ENTRY_FILE=\"index.js\"\nARTIFACTS_DIR=\"${PROJECT_TEMP_DIR}/BuildArtifacts\"\nBUNDLE_OUTPUT=\"$ARTIFACTS_DIR/main.jsbundle\"\nASSETS_DEST=\"$ARTIFACTS_DIR/assets\"\nFRAMEWORK_RESOURCES_DIR=\"$CONFIGURATION_BUILD_DIR/$PRODUCT_NAME.framework/Resources\"\n\n# === Create safe, sandboxed temp directories\nmkdir -p \"$ASSETS_DEST\"\nmkdir -p \"$FRAMEWORK_RESOURCES_DIR\"\n\n# === Generate the JS bundle ===\ncd \"$SRCROOT/..\"\n\nnpx react-native bundle \\\n  --platform macos \\\n  --dev false \\\n  --entry-file \"$REACT_NATIVE_ENTRY_FILE\" \\\n  --bundle-output \"$BUNDLE_OUTPUT\" \\\n  --assets-dest \"$ASSETS_DEST\"\n\n# === Copy into framework ===\ncp \"$BUNDLE_OUTPUT\" \"$FRAMEWORK_RESOURCES_DIR/main.jsbundle\"\n\n# === Copy assets if present ===\nif [ -d \"$ASSETS_DEST\" ]; then\n  cp -R \"$ASSETS_DEST/\" \"$FRAMEWORK_RESOURCES_DIR/\"\nfi\n\n# ✅ Log final destination\necho \"📦 Copied JS bundle to: $FRAMEWORK_RESOURCES_DIR/main.jsbundle\"\n\n";
		};
		1A938104A937498D81B3BD3B /* [CP] Check Pods Manifest.lock */ = {
			isa = PBXShellScriptBuildPhase;
			buildActionMask = 2147483647;
			files = (
			);
			inputFileListPaths = (
			);
			inputPaths = (
				"${PODS_PODFILE_DIR_PATH}/Podfile.lock",
				"${PODS_ROOT}/Manifest.lock",
			);
			name = "[CP] Check Pods Manifest.lock";
			outputFileListPaths = (
			);
			outputPaths = (
				"$(DERIVED_FILE_DIR)/Pods-Radioman-macOS-checkManifestLockResult.txt",
			);
			runOnlyForDeploymentPostprocessing = 0;
			shellPath = /bin/sh;
			shellScript = "diff \"${PODS_PODFILE_DIR_PATH}/Podfile.lock\" \"${PODS_ROOT}/Manifest.lock\" > /dev/null\nif [ $? != 0 ] ; then\n    # print error to STDERR\n    echo \"error: The sandbox is not in sync with the Podfile.lock. Run 'pod install' or update your CocoaPods installation.\" >&2\n    exit 1\nfi\n# This output is used by Xcode 'outputs' to avoid re-running this script phase.\necho \"SUCCESS\" > \"${SCRIPT_OUTPUT_FILE_0}\"\n";
			showEnvVarsInLog = 0;
		};
		381D8A6E24576A4E00465D17 /* Bundle React Native code and images */ = {
			isa = PBXShellScriptBuildPhase;
			buildActionMask = 2147483647;
			files = (
			);
			inputFileListPaths = (
			);
			inputPaths = (
			);
			name = "Bundle React Native code and images";
			outputFileListPaths = (
			);
			outputPaths = (
			);
			runOnlyForDeploymentPostprocessing = 0;
			shellPath = /bin/sh;
			shellScript = "export NODE_BINARY=node\n../node_modules/react-native-macos/scripts/react-native-xcode.sh\n";
		};
		3CD17D53E778C70F704E68D3 /* [CP] Copy Pods Resources */ = {
			isa = PBXShellScriptBuildPhase;
			buildActionMask = 2147483647;
			files = (
			);
			inputPaths = (
				"${PODS_ROOT}/Target Support Files/Pods-Radioman-macOS/Pods-Radioman-macOS-resources.sh",
				"${PODS_CONFIGURATION_BUILD_DIR}/RCT-Folly/RCT-Folly_privacy.bundle",
				"${PODS_CONFIGURATION_BUILD_DIR}/React-Core/React-Core_privacy.bundle",
				"${PODS_CONFIGURATION_BUILD_DIR}/React-cxxreact/React-cxxreact_privacy.bundle",
				"${PODS_CONFIGURATION_BUILD_DIR}/boost/boost_privacy.bundle",
				"${PODS_CONFIGURATION_BUILD_DIR}/glog/glog_privacy.bundle",
			);
			name = "[CP] Copy Pods Resources";
			outputPaths = (
				"${TARGET_BUILD_DIR}/${UNLOCALIZED_RESOURCES_FOLDER_PATH}/RCT-Folly_privacy.bundle",
				"${TARGET_BUILD_DIR}/${UNLOCALIZED_RESOURCES_FOLDER_PATH}/React-Core_privacy.bundle",
				"${TARGET_BUILD_DIR}/${UNLOCALIZED_RESOURCES_FOLDER_PATH}/React-cxxreact_privacy.bundle",
				"${TARGET_BUILD_DIR}/${UNLOCALIZED_RESOURCES_FOLDER_PATH}/boost_privacy.bundle",
				"${TARGET_BUILD_DIR}/${UNLOCALIZED_RESOURCES_FOLDER_PATH}/glog_privacy.bundle",
			);
			runOnlyForDeploymentPostprocessing = 0;
			shellPath = /bin/sh;
			shellScript = "\"${PODS_ROOT}/Target Support Files/Pods-Radioman-macOS/Pods-Radioman-macOS-resources.sh\"\n";
			showEnvVarsInLog = 0;
		};
		6754F79F2D11C706A5105BFD /* [CP] Check Pods Manifest.lock */ = {
			isa = PBXShellScriptBuildPhase;
			buildActionMask = 2147483647;
			files = (
			);
			inputFileListPaths = (
			);
			inputPaths = (
				"${PODS_PODFILE_DIR_PATH}/Podfile.lock",
				"${PODS_ROOT}/Manifest.lock",
			);
			name = "[CP] Check Pods Manifest.lock";
			outputFileListPaths = (
			);
			outputPaths = (
				"$(DERIVED_FILE_DIR)/Pods-JukerstoneSDK-checkManifestLockResult.txt",
			);
			runOnlyForDeploymentPostprocessing = 0;
			shellPath = /bin/sh;
			shellScript = "diff \"${PODS_PODFILE_DIR_PATH}/Podfile.lock\" \"${PODS_ROOT}/Manifest.lock\" > /dev/null\nif [ $? != 0 ] ; then\n    # print error to STDERR\n    echo \"error: The sandbox is not in sync with the Podfile.lock. Run 'pod install' or update your CocoaPods installation.\" >&2\n    exit 1\nfi\n# This output is used by Xcode 'outputs' to avoid re-running this script phase.\necho \"SUCCESS\" > \"${SCRIPT_OUTPUT_FILE_0}\"\n";
			showEnvVarsInLog = 0;
		};
		EE8F856418B39665F1057A3A /* [CP] Copy Pods Resources */ = {
			isa = PBXShellScriptBuildPhase;
			buildActionMask = 2147483647;
			files = (
			);
			inputPaths = (
				"${PODS_ROOT}/Target Support Files/Pods-JukerstoneSDK/Pods-JukerstoneSDK-resources.sh",
				"${PODS_CONFIGURATION_BUILD_DIR}/RCT-Folly/RCT-Folly_privacy.bundle",
				"${PODS_CONFIGURATION_BUILD_DIR}/React-Core/React-Core_privacy.bundle",
				"${PODS_CONFIGURATION_BUILD_DIR}/React-cxxreact/React-cxxreact_privacy.bundle",
				"${PODS_CONFIGURATION_BUILD_DIR}/boost/boost_privacy.bundle",
				"${PODS_CONFIGURATION_BUILD_DIR}/glog/glog_privacy.bundle",
			);
			name = "[CP] Copy Pods Resources";
			outputPaths = (
				"${TARGET_BUILD_DIR}/${UNLOCALIZED_RESOURCES_FOLDER_PATH}/RCT-Folly_privacy.bundle",
				"${TARGET_BUILD_DIR}/${UNLOCALIZED_RESOURCES_FOLDER_PATH}/React-Core_privacy.bundle",
				"${TARGET_BUILD_DIR}/${UNLOCALIZED_RESOURCES_FOLDER_PATH}/React-cxxreact_privacy.bundle",
				"${TARGET_BUILD_DIR}/${UNLOCALIZED_RESOURCES_FOLDER_PATH}/boost_privacy.bundle",
				"${TARGET_BUILD_DIR}/${UNLOCALIZED_RESOURCES_FOLDER_PATH}/glog_privacy.bundle",
			);
			runOnlyForDeploymentPostprocessing = 0;
			shellPath = /bin/sh;
			shellScript = "\"${PODS_ROOT}/Target Support Files/Pods-JukerstoneSDK/Pods-JukerstoneSDK-resources.sh\"\n";
			showEnvVarsInLog = 0;
		};
/* End PBXShellScriptBuildPhase section */

/* Begin PBXSourcesBuildPhase section */
		13B07F871A680F5B00A75B9A /* Sources */ = {
			isa = PBXSourcesBuildPhase;
			buildActionMask = 2147483647;
			files = (
			);
			runOnlyForDeploymentPostprocessing = 0;
		};
		1750632E2DA8063500C43DF6 /* Sources */ = {
			isa = PBXSourcesBuildPhase;
			buildActionMask = 2147483647;
			files = (
				175063362DA8063500C43DF6 /* JukerstoneSDK.docc in Sources */,
			);
			runOnlyForDeploymentPostprocessing = 0;
		};
		175063372DA8063500C43DF6 /* Sources */ = {
			isa = PBXSourcesBuildPhase;
			buildActionMask = 2147483647;
			files = (
				175063412DA8063500C43DF6 /* JukerstoneSDKTests.swift in Sources */,
			);
			runOnlyForDeploymentPostprocessing = 0;
		};
		514201452437B4B30078DB4F /* Sources */ = {
			isa = PBXSourcesBuildPhase;
			buildActionMask = 2147483647;
			files = (
				1744DCBA2D6087920049E48A /* RNSliderMacOS.m in Sources */,
				17436DC52D511D14005A9D84 /* RNCWebViewImpl+SSL.m in Sources */,
				514201582437B4B40078DB4F /* main.m in Sources */,
				5142014D2437B4B30078DB4F /* AppDelegate.mm in Sources */,
			);
			runOnlyForDeploymentPostprocessing = 0;
		};
/* End PBXSourcesBuildPhase section */

/* Begin PBXTargetDependency section */
		1750633E2DA8063500C43DF6 /* PBXTargetDependency */ = {
			isa = PBXTargetDependency;
			target = 175063312DA8063500C43DF6 /* JukerstoneSDK */;
			targetProxy = 1750633D2DA8063500C43DF6 /* PBXContainerItemProxy */;
		};
/* End PBXTargetDependency section */

/* Begin PBXVariantGroup section */
		514201532437B4B40078DB4F /* Main.storyboard */ = {
			isa = PBXVariantGroup;
			children = (
				514201542437B4B40078DB4F /* Base */,
			);
			name = Main.storyboard;
			sourceTree = "<group>";
		};
/* End PBXVariantGroup section */

/* Begin XCBuildConfiguration section */
		13B07F941A680F5B00A75B9A /* Debug */ = {
			isa = XCBuildConfiguration;
			buildSettings = {
				ASSETCATALOG_COMPILER_APPICON_NAME = AppIcon;
				CLANG_ENABLE_MODULES = YES;
				CURRENT_PROJECT_VERSION = 1;
				DEVELOPMENT_TEAM = 3J39XKJXT5;
				ENABLE_BITCODE = NO;
				INFOPLIST_FILE = "Radioman-iOS/Info.plist";
				LD_RUNPATH_SEARCH_PATHS = "$(inherited) @executable_path/Frameworks";
				OTHER_LDFLAGS = (
					"$(inherited)",
					"-ObjC",
					"-lc++",
				);
				PRODUCT_BUNDLE_IDENTIFIER = "org.reactjs.native.$(PRODUCT_NAME:rfc1034identifier)";
				PRODUCT_NAME = JukePod;
				SWIFT_OPTIMIZATION_LEVEL = "-Onone";
				SWIFT_VERSION = 5.0;
				VERSIONING_SYSTEM = "apple-generic";
			};
			name = Debug;
		};
		13B07F951A680F5B00A75B9A /* Release */ = {
			isa = XCBuildConfiguration;
			buildSettings = {
				ASSETCATALOG_COMPILER_APPICON_NAME = AppIcon;
				CLANG_ENABLE_MODULES = YES;
				CURRENT_PROJECT_VERSION = 1;
				DEVELOPMENT_TEAM = 3J39XKJXT5;
				INFOPLIST_FILE = "Radioman-iOS/Info.plist";
				LD_RUNPATH_SEARCH_PATHS = "$(inherited) @executable_path/Frameworks";
				OTHER_LDFLAGS = (
					"$(inherited)",
					"-ObjC",
					"-lc++",
				);
				PRODUCT_BUNDLE_IDENTIFIER = "org.reactjs.native.$(PRODUCT_NAME:rfc1034identifier)";
				PRODUCT_NAME = JukePod;
				SWIFT_VERSION = 5.0;
				VERSIONING_SYSTEM = "apple-generic";
			};
			name = Release;
		};
		175063442DA8063500C43DF6 /* Debug */ = {
			isa = XCBuildConfiguration;
			baseConfigurationReference = 6B7DF576CCE0C814D68A232F /* Pods-JukerstoneSDK.debug.xcconfig */;
			buildSettings = {
				ALLOW_TARGET_PLATFORM_SPECIALIZATION = YES;
				ASSETCATALOG_COMPILER_GENERATE_SWIFT_ASSET_SYMBOL_EXTENSIONS = YES;
				BUILD_LIBRARY_FOR_DISTRIBUTION = YES;
				CLANG_ANALYZER_NONNULL = YES;
				CLANG_ANALYZER_NUMBER_OBJECT_CONVERSION = YES_AGGRESSIVE;
				CLANG_CXX_LANGUAGE_STANDARD = "gnu++20";
				CLANG_ENABLE_OBJC_WEAK = YES;
				CLANG_WARN_DOCUMENTATION_COMMENTS = YES;
				CLANG_WARN_QUOTED_INCLUDE_IN_FRAMEWORK_HEADER = YES;
				CLANG_WARN_UNGUARDED_AVAILABILITY = YES_AGGRESSIVE;
				CODE_SIGN_STYLE = Automatic;
				CURRENT_PROJECT_VERSION = 1;
				DEBUG_INFORMATION_FORMAT = dwarf;
				DEFINES_MODULE = YES;
				DEVELOPMENT_TEAM = 3J39XKJXT5;
				DYLIB_COMPATIBILITY_VERSION = 1;
				DYLIB_CURRENT_VERSION = 1;
				DYLIB_INSTALL_NAME_BASE = "@rpath";
				ENABLE_MODULE_VERIFIER = YES;
				ENABLE_USER_SCRIPT_SANDBOXING = YES;
				GCC_C_LANGUAGE_STANDARD = gnu17;
				GENERATE_INFOPLIST_FILE = YES;
				HEADER_SEARCH_PATHS = "";
				INFOPLIST_KEY_NSHumanReadableCopyright = "";
				INSTALL_PATH = "$(LOCAL_LIBRARY_DIR)/Frameworks";
				IPHONEOS_DEPLOYMENT_TARGET = 17.5;
				LD_RUNPATH_SEARCH_PATHS = "@executable_path/Frameworks @loader_path/Frameworks";
				"LD_RUNPATH_SEARCH_PATHS[sdk=macosx*]" = "@executable_path/../Frameworks @loader_path/Frameworks";
				LOCALIZATION_PREFERS_STRING_CATALOGS = YES;
				MACOSX_DEPLOYMENT_TARGET = 14.5;
				MARKETING_VERSION = 1.0;
				MODULE_VERIFIER_SUPPORTED_LANGUAGES = "objective-c objective-c++";
				MODULE_VERIFIER_SUPPORTED_LANGUAGE_STANDARDS = "gnu17 gnu++20";
				MTL_ENABLE_DEBUG_INFO = INCLUDE_SOURCE;
				MTL_FAST_MATH = YES;
				PRODUCT_BUNDLE_IDENTIFIER = com.JukerstoneSDK;
				PRODUCT_NAME = "$(TARGET_NAME:c99extidentifier)";
				SDKROOT = auto;
				SKIP_INSTALL = YES;
				SUPPORTED_PLATFORMS = "iphoneos iphonesimulator macosx";
				SWIFT_ACTIVE_COMPILATION_CONDITIONS = "DEBUG $(inherited)";
				SWIFT_EMIT_LOC_STRINGS = YES;
				SWIFT_INSTALL_OBJC_HEADER = NO;
				SWIFT_OPTIMIZATION_LEVEL = "-Onone";
				SWIFT_VERSION = 5.0;
				TARGETED_DEVICE_FAMILY = "1,2";
				VERSIONING_SYSTEM = "apple-generic";
				VERSION_INFO_PREFIX = "";
			};
			name = Debug;
		};
		175063452DA8063500C43DF6 /* Release */ = {
			isa = XCBuildConfiguration;
			baseConfigurationReference = 8C2E7C995BE700834A5F73DB /* Pods-JukerstoneSDK.release.xcconfig */;
			buildSettings = {
				ALLOW_TARGET_PLATFORM_SPECIALIZATION = YES;
				ASSETCATALOG_COMPILER_GENERATE_SWIFT_ASSET_SYMBOL_EXTENSIONS = YES;
				BUILD_LIBRARY_FOR_DISTRIBUTION = YES;
				CLANG_ANALYZER_NONNULL = YES;
				CLANG_ANALYZER_NUMBER_OBJECT_CONVERSION = YES_AGGRESSIVE;
				CLANG_CXX_LANGUAGE_STANDARD = "gnu++20";
				CLANG_ENABLE_OBJC_WEAK = YES;
				CLANG_WARN_DOCUMENTATION_COMMENTS = YES;
				CLANG_WARN_QUOTED_INCLUDE_IN_FRAMEWORK_HEADER = YES;
				CLANG_WARN_UNGUARDED_AVAILABILITY = YES_AGGRESSIVE;
				CODE_SIGN_STYLE = Automatic;
				COPY_PHASE_STRIP = NO;
				CURRENT_PROJECT_VERSION = 1;
				DEBUG_INFORMATION_FORMAT = "dwarf-with-dsym";
				DEFINES_MODULE = YES;
				DEVELOPMENT_TEAM = 3J39XKJXT5;
				DYLIB_COMPATIBILITY_VERSION = 1;
				DYLIB_CURRENT_VERSION = 1;
				DYLIB_INSTALL_NAME_BASE = "@rpath";
				ENABLE_MODULE_VERIFIER = YES;
				ENABLE_USER_SCRIPT_SANDBOXING = YES;
				GCC_C_LANGUAGE_STANDARD = gnu17;
				GENERATE_INFOPLIST_FILE = YES;
				HEADER_SEARCH_PATHS = "";
				INFOPLIST_KEY_NSHumanReadableCopyright = "";
				INSTALL_PATH = "$(LOCAL_LIBRARY_DIR)/Frameworks";
				IPHONEOS_DEPLOYMENT_TARGET = 17.5;
				LD_RUNPATH_SEARCH_PATHS = "@executable_path/Frameworks @loader_path/Frameworks";
				"LD_RUNPATH_SEARCH_PATHS[sdk=macosx*]" = "@executable_path/../Frameworks @loader_path/Frameworks";
				LOCALIZATION_PREFERS_STRING_CATALOGS = YES;
				MACOSX_DEPLOYMENT_TARGET = 14.5;
				MARKETING_VERSION = 1.0;
				MODULE_VERIFIER_SUPPORTED_LANGUAGES = "objective-c objective-c++";
				MODULE_VERIFIER_SUPPORTED_LANGUAGE_STANDARDS = "gnu17 gnu++20";
				MTL_FAST_MATH = YES;
				PRODUCT_BUNDLE_IDENTIFIER = com.JukerstoneSDK;
				PRODUCT_NAME = "$(TARGET_NAME:c99extidentifier)";
				SDKROOT = auto;
				SKIP_INSTALL = YES;
				SUPPORTED_PLATFORMS = "iphoneos iphonesimulator macosx";
				SWIFT_COMPILATION_MODE = wholemodule;
				SWIFT_EMIT_LOC_STRINGS = YES;
				SWIFT_INSTALL_OBJC_HEADER = NO;
				SWIFT_VERSION = 5.0;
				TARGETED_DEVICE_FAMILY = "1,2";
				VERSIONING_SYSTEM = "apple-generic";
				VERSION_INFO_PREFIX = "";
			};
			name = Release;
		};
		175063472DA8063500C43DF6 /* Debug */ = {
			isa = XCBuildConfiguration;
			buildSettings = {
				ALLOW_TARGET_PLATFORM_SPECIALIZATION = YES;
				ASSETCATALOG_COMPILER_GENERATE_SWIFT_ASSET_SYMBOL_EXTENSIONS = YES;
				CLANG_ANALYZER_NONNULL = YES;
				CLANG_ANALYZER_NUMBER_OBJECT_CONVERSION = YES_AGGRESSIVE;
				CLANG_CXX_LANGUAGE_STANDARD = "gnu++20";
				CLANG_ENABLE_OBJC_WEAK = YES;
				CLANG_WARN_DOCUMENTATION_COMMENTS = YES;
				CLANG_WARN_QUOTED_INCLUDE_IN_FRAMEWORK_HEADER = YES;
				CLANG_WARN_UNGUARDED_AVAILABILITY = YES_AGGRESSIVE;
				CODE_SIGN_STYLE = Automatic;
				CURRENT_PROJECT_VERSION = 1;
				DEBUG_INFORMATION_FORMAT = dwarf;
				DEVELOPMENT_TEAM = 3J39XKJXT5;
				ENABLE_USER_SCRIPT_SANDBOXING = YES;
				GCC_C_LANGUAGE_STANDARD = gnu17;
				GENERATE_INFOPLIST_FILE = YES;
				IPHONEOS_DEPLOYMENT_TARGET = 17.5;
				LOCALIZATION_PREFERS_STRING_CATALOGS = YES;
				MACOSX_DEPLOYMENT_TARGET = 14.5;
				MARKETING_VERSION = 1.0;
				MTL_ENABLE_DEBUG_INFO = INCLUDE_SOURCE;
				MTL_FAST_MATH = YES;
				PRODUCT_BUNDLE_IDENTIFIER = com.JukerstoneSDKTests;
				PRODUCT_NAME = "$(TARGET_NAME)";
				SDKROOT = auto;
				SUPPORTED_PLATFORMS = "iphoneos iphonesimulator macosx";
				SWIFT_ACTIVE_COMPILATION_CONDITIONS = "DEBUG $(inherited)";
				SWIFT_EMIT_LOC_STRINGS = NO;
				SWIFT_OPTIMIZATION_LEVEL = "-Onone";
				SWIFT_VERSION = 5.0;
				TARGETED_DEVICE_FAMILY = "1,2";
			};
			name = Debug;
		};
		175063482DA8063500C43DF6 /* Release */ = {
			isa = XCBuildConfiguration;
			buildSettings = {
				ALLOW_TARGET_PLATFORM_SPECIALIZATION = YES;
				ASSETCATALOG_COMPILER_GENERATE_SWIFT_ASSET_SYMBOL_EXTENSIONS = YES;
				CLANG_ANALYZER_NONNULL = YES;
				CLANG_ANALYZER_NUMBER_OBJECT_CONVERSION = YES_AGGRESSIVE;
				CLANG_CXX_LANGUAGE_STANDARD = "gnu++20";
				CLANG_ENABLE_OBJC_WEAK = YES;
				CLANG_WARN_DOCUMENTATION_COMMENTS = YES;
				CLANG_WARN_QUOTED_INCLUDE_IN_FRAMEWORK_HEADER = YES;
				CLANG_WARN_UNGUARDED_AVAILABILITY = YES_AGGRESSIVE;
				CODE_SIGN_STYLE = Automatic;
				COPY_PHASE_STRIP = NO;
				CURRENT_PROJECT_VERSION = 1;
				DEBUG_INFORMATION_FORMAT = "dwarf-with-dsym";
				DEVELOPMENT_TEAM = 3J39XKJXT5;
				ENABLE_USER_SCRIPT_SANDBOXING = YES;
				GCC_C_LANGUAGE_STANDARD = gnu17;
				GENERATE_INFOPLIST_FILE = YES;
				IPHONEOS_DEPLOYMENT_TARGET = 17.5;
				LOCALIZATION_PREFERS_STRING_CATALOGS = YES;
				MACOSX_DEPLOYMENT_TARGET = 14.5;
				MARKETING_VERSION = 1.0;
				MTL_FAST_MATH = YES;
				PRODUCT_BUNDLE_IDENTIFIER = com.JukerstoneSDKTests;
				PRODUCT_NAME = "$(TARGET_NAME)";
				SDKROOT = auto;
				SUPPORTED_PLATFORMS = "iphoneos iphonesimulator macosx";
				SWIFT_COMPILATION_MODE = wholemodule;
				SWIFT_EMIT_LOC_STRINGS = NO;
				SWIFT_VERSION = 5.0;
				TARGETED_DEVICE_FAMILY = "1,2";
			};
			name = Release;
		};
		5142015B2437B4B40078DB4F /* Debug */ = {
			isa = XCBuildConfiguration;
			baseConfigurationReference = 82E6AB528CCA80C3D6E36B88 /* Pods-Radioman-macOS.debug.xcconfig */;
			buildSettings = {
				ASSETCATALOG_COMPILER_APPICON_NAME = AppIcon;
				ASSETCATALOG_COMPILER_INCLUDE_ALL_APPICON_ASSETS = NO;
				CLANG_ENABLE_MODULES = YES;
				CURRENT_PROJECT_VERSION = 1;
				DEAD_CODE_STRIPPING = NO;
				DEVELOPMENT_TEAM = 3J39XKJXT5;
				ENABLE_HARDENED_RUNTIME = YES;
				INFOPLIST_FILE = "Radioman-macos/Info.plist";
				INFOPLIST_KEY_CFBundleDisplayName = "JukePod™ Micro";
				LD_RUNPATH_SEARCH_PATHS = "$(inherited) @executable_path/Frameworks";
				MACOSX_DEPLOYMENT_TARGET = 11.0;
				MARKETING_VERSION = 1.2.0;
				OTHER_LDFLAGS = (
					"$(inherited)",
					"-ObjC",
					"-lc++",
				);
				PRODUCT_BUNDLE_IDENTIFIER = com.jukepod.sdk;
				PRODUCT_NAME = "JukePod™ Micro";
				SDKROOT = macosx;
				SWIFT_OPTIMIZATION_LEVEL = "-Onone";
				SWIFT_VERSION = 5.0;
			};
			name = Debug;
		};
		5142015C2437B4B40078DB4F /* Release */ = {
			isa = XCBuildConfiguration;
			baseConfigurationReference = 2C27FB0B20F7A569D4B706E3 /* Pods-Radioman-macOS.release.xcconfig */;
			buildSettings = {
				ASSETCATALOG_COMPILER_APPICON_NAME = AppIcon;
				ASSETCATALOG_COMPILER_INCLUDE_ALL_APPICON_ASSETS = NO;
				CLANG_ENABLE_MODULES = YES;
				CURRENT_PROJECT_VERSION = 1;
				DEVELOPMENT_TEAM = 3J39XKJXT5;
				ENABLE_HARDENED_RUNTIME = YES;
				INFOPLIST_FILE = "Radioman-macos/Info.plist";
				INFOPLIST_KEY_CFBundleDisplayName = "JukePod™ Micro";
				LD_RUNPATH_SEARCH_PATHS = "$(inherited) @executable_path/Frameworks";
				MACOSX_DEPLOYMENT_TARGET = 11.0;
				MARKETING_VERSION = 1.2.0;
				OTHER_LDFLAGS = (
					"$(inherited)",
					"-ObjC",
					"-lc++",
				);
				PRODUCT_BUNDLE_IDENTIFIER = com.jukepod.sdk;
				PRODUCT_NAME = "JukePod™ Micro";
				SDKROOT = macosx;
				SWIFT_VERSION = 5.0;
			};
			name = Release;
		};
		83CBBA201A601CBA00E9B192 /* Debug */ = {
			isa = XCBuildConfiguration;
			buildSettings = {
				ALWAYS_SEARCH_USER_PATHS = NO;
				CLANG_ANALYZER_LOCALIZABILITY_NONLOCALIZED = YES;
				CLANG_CXX_LANGUAGE_STANDARD = "c++20";
				CLANG_CXX_LIBRARY = "libc++";
				CLANG_ENABLE_MODULES = YES;
				CLANG_ENABLE_OBJC_ARC = YES;
				CLANG_WARN_BLOCK_CAPTURE_AUTORELEASING = YES;
				CLANG_WARN_BOOL_CONVERSION = YES;
				CLANG_WARN_COMMA = YES;
				CLANG_WARN_CONSTANT_CONVERSION = YES;
				CLANG_WARN_DEPRECATED_OBJC_IMPLEMENTATIONS = YES;
				CLANG_WARN_DIRECT_OBJC_ISA_USAGE = YES_ERROR;
				CLANG_WARN_EMPTY_BODY = YES;
				CLANG_WARN_ENUM_CONVERSION = YES;
				CLANG_WARN_INFINITE_RECURSION = YES;
				CLANG_WARN_INT_CONVERSION = YES;
				CLANG_WARN_NON_LITERAL_NULL_CONVERSION = YES;
				CLANG_WARN_OBJC_IMPLICIT_RETAIN_SELF = YES;
				CLANG_WARN_OBJC_LITERAL_CONVERSION = YES;
				CLANG_WARN_OBJC_ROOT_CLASS = YES_ERROR;
				CLANG_WARN_RANGE_LOOP_ANALYSIS = YES;
				CLANG_WARN_STRICT_PROTOTYPES = YES;
				CLANG_WARN_SUSPICIOUS_MOVE = YES;
				CLANG_WARN_UNREACHABLE_CODE = YES;
				CLANG_WARN__DUPLICATE_METHOD_MATCH = YES;
				"CODE_SIGN_IDENTITY[sdk=iphoneos*]" = "iPhone Developer";
				COPY_PHASE_STRIP = NO;
				ENABLE_STRICT_OBJC_MSGSEND = YES;
				ENABLE_TESTABILITY = YES;
				GCC_C_LANGUAGE_STANDARD = gnu99;
				GCC_DYNAMIC_NO_PIC = NO;
				GCC_NO_COMMON_BLOCKS = YES;
				GCC_OPTIMIZATION_LEVEL = 0;
				GCC_PREPROCESSOR_DEFINITIONS = (
					"DEBUG=1",
					"$(inherited)",
				);
				GCC_SYMBOLS_PRIVATE_EXTERN = NO;
				GCC_WARN_64_TO_32_BIT_CONVERSION = YES;
				GCC_WARN_ABOUT_RETURN_TYPE = YES_ERROR;
				GCC_WARN_UNDECLARED_SELECTOR = YES;
				GCC_WARN_UNINITIALIZED_AUTOS = YES_AGGRESSIVE;
				GCC_WARN_UNUSED_FUNCTION = YES;
				GCC_WARN_UNUSED_VARIABLE = YES;
				IPHONEOS_DEPLOYMENT_TARGET = 9.0;
				LD_RUNPATH_SEARCH_PATHS = "/usr/lib/swift $(inherited)";
				LIBRARY_SEARCH_PATHS = (
					"$(SDKROOT)/usr/lib/swift",
					"\"$(TOOLCHAIN_DIR)/usr/lib/swift/$(PLATFORM_NAME)\"",
					"\"$(inherited)\"",
				);
				MTL_ENABLE_DEBUG_INFO = YES;
				ONLY_ACTIVE_ARCH = YES;
				OTHER_LDFLAGS = "$(inherited)  ";
				REACT_NATIVE_PATH = "${PODS_ROOT}/../../node_modules/react-native";
				SDKROOT = iphoneos;
				SWIFT_ACTIVE_COMPILATION_CONDITIONS = "$(inherited) DEBUG";
				USE_HERMES = false;
			};
			name = Debug;
		};
		83CBBA211A601CBA00E9B192 /* Release */ = {
			isa = XCBuildConfiguration;
			buildSettings = {
				ALWAYS_SEARCH_USER_PATHS = NO;
				CLANG_ANALYZER_LOCALIZABILITY_NONLOCALIZED = YES;
				CLANG_CXX_LANGUAGE_STANDARD = "c++20";
				CLANG_CXX_LIBRARY = "libc++";
				CLANG_ENABLE_MODULES = YES;
				CLANG_ENABLE_OBJC_ARC = YES;
				CLANG_WARN_BLOCK_CAPTURE_AUTORELEASING = YES;
				CLANG_WARN_BOOL_CONVERSION = YES;
				CLANG_WARN_COMMA = YES;
				CLANG_WARN_CONSTANT_CONVERSION = YES;
				CLANG_WARN_DEPRECATED_OBJC_IMPLEMENTATIONS = YES;
				CLANG_WARN_DIRECT_OBJC_ISA_USAGE = YES_ERROR;
				CLANG_WARN_EMPTY_BODY = YES;
				CLANG_WARN_ENUM_CONVERSION = YES;
				CLANG_WARN_INFINITE_RECURSION = YES;
				CLANG_WARN_INT_CONVERSION = YES;
				CLANG_WARN_NON_LITERAL_NULL_CONVERSION = YES;
				CLANG_WARN_OBJC_IMPLICIT_RETAIN_SELF = YES;
				CLANG_WARN_OBJC_LITERAL_CONVERSION = YES;
				CLANG_WARN_OBJC_ROOT_CLASS = YES_ERROR;
				CLANG_WARN_RANGE_LOOP_ANALYSIS = YES;
				CLANG_WARN_STRICT_PROTOTYPES = YES;
				CLANG_WARN_SUSPICIOUS_MOVE = YES;
				CLANG_WARN_UNREACHABLE_CODE = YES;
				CLANG_WARN__DUPLICATE_METHOD_MATCH = YES;
				"CODE_SIGN_IDENTITY[sdk=iphoneos*]" = "iPhone Developer";
				COPY_PHASE_STRIP = YES;
				ENABLE_NS_ASSERTIONS = NO;
				ENABLE_STRICT_OBJC_MSGSEND = YES;
				GCC_C_LANGUAGE_STANDARD = gnu99;
				GCC_NO_COMMON_BLOCKS = YES;
				GCC_WARN_64_TO_32_BIT_CONVERSION = YES;
				GCC_WARN_ABOUT_RETURN_TYPE = YES_ERROR;
				GCC_WARN_UNDECLARED_SELECTOR = YES;
				GCC_WARN_UNINITIALIZED_AUTOS = YES_AGGRESSIVE;
				GCC_WARN_UNUSED_FUNCTION = YES;
				GCC_WARN_UNUSED_VARIABLE = YES;
				IPHONEOS_DEPLOYMENT_TARGET = 9.0;
				LD_RUNPATH_SEARCH_PATHS = "/usr/lib/swift $(inherited)";
				LIBRARY_SEARCH_PATHS = (
					"$(SDKROOT)/usr/lib/swift",
					"\"$(TOOLCHAIN_DIR)/usr/lib/swift/$(PLATFORM_NAME)\"",
					"\"$(inherited)\"",
				);
				MTL_ENABLE_DEBUG_INFO = NO;
				OTHER_LDFLAGS = "$(inherited)  ";
				REACT_NATIVE_PATH = "${PODS_ROOT}/../../node_modules/react-native";
				SDKROOT = iphoneos;
				USE_HERMES = false;
				VALIDATE_PRODUCT = YES;
			};
			name = Release;
		};
/* End XCBuildConfiguration section */

/* Begin XCConfigurationList section */
		13B07F931A680F5B00A75B9A /* Build configuration list for PBXNativeTarget "Radioman-iOS" */ = {
			isa = XCConfigurationList;
			buildConfigurations = (
				13B07F941A680F5B00A75B9A /* Debug */,
				13B07F951A680F5B00A75B9A /* Release */,
			);
			defaultConfigurationIsVisible = 0;
			defaultConfigurationName = Release;
		};
		175063432DA8063500C43DF6 /* Build configuration list for PBXNativeTarget "JukerstoneSDK" */ = {
			isa = XCConfigurationList;
			buildConfigurations = (
				175063442DA8063500C43DF6 /* Debug */,
				175063452DA8063500C43DF6 /* Release */,
			);
			defaultConfigurationIsVisible = 0;
			defaultConfigurationName = Release;
		};
		175063462DA8063500C43DF6 /* Build configuration list for PBXNativeTarget "JukerstoneSDKTests" */ = {
			isa = XCConfigurationList;
			buildConfigurations = (
				175063472DA8063500C43DF6 /* Debug */,
				175063482DA8063500C43DF6 /* Release */,
			);
			defaultConfigurationIsVisible = 0;
			defaultConfigurationName = Release;
		};
		5142015A2437B4B40078DB4F /* Build configuration list for PBXNativeTarget "Radioman-macOS" */ = {
			isa = XCConfigurationList;
			buildConfigurations = (
				5142015B2437B4B40078DB4F /* Debug */,
				5142015C2437B4B40078DB4F /* Release */,
			);
			defaultConfigurationIsVisible = 0;
			defaultConfigurationName = Release;
		};
		83CBB9FA1A601CBA00E9B192 /* Build configuration list for PBXProject "Jukerstone" */ = {
			isa = XCConfigurationList;
			buildConfigurations = (
				83CBBA201A601CBA00E9B192 /* Debug */,
				83CBBA211A601CBA00E9B192 /* Release */,
			);
			defaultConfigurationIsVisible = 0;
			defaultConfigurationName = Release;
		};
/* End XCConfigurationList section */
	};
	rootObject = 83CBB9F71A601CBA00E9B192 /* Project object */;
}
